Microsoft Visual Studio Solution File, Format Version 12.00
# Visual Studio 2013
VisualStudioVersion = 12.0.30723.0
MinimumVisualStudioVersion = 10.0.40219.1
Project("{FAE04EC0-301F-11D3-BF4B-00C04F79EFBC}") = "NetBots.Bot.Host", "Clients\NetBots.Bot.Host\NetBots.Bot.Host.csproj", "{9DACEE92-6D23-48E2-B409-AA81EE343D96}"
EndProject
Project("{FAE04EC0-301F-11D3-BF4B-00C04F79EFBC}") = "NetBots.GameEngine", "Engine\GameEngine\NetBots.GameEngine.csproj", "{D00242D7-0A4B-4789-8591-CBF0A1FF9FE6}"
EndProject
Project("{FAE04EC0-301F-11D3-BF4B-00C04F79EFBC}") = "GrahamBot", "Clients\GrahamBot\GrahamBot.csproj", "{272AA56C-0448-41FB-B2D5-BF7A229988CB}"
EndProject
Project("{FAE04EC0-301F-11D3-BF4B-00C04F79EFBC}") = "NetBots.Core", "Engine\Core\NetBots.Core.csproj", "{1522E445-FFD4-43D3-81C7-B3C672199666}"
EndProject
Project("{FAE04EC0-301F-11D3-BF4B-00C04F79EFBC}") = "NetBots.Bot.Interface", "Clients\NetBots.Bot.Interface\NetBots.Bot.Interface.csproj", "{D9526B9D-C0F6-408C-934C-B7E99112101F}"
EndProject
Project("{2150E333-8FDC-42A3-9474-1A3956D46DE8}") = "Server", "Server", "{0BAC5D52-4DF8-42F2-ADD8-2124C840F14D}"
EndProject
Project("{2150E333-8FDC-42A3-9474-1A3956D46DE8}") = "Clients", "Clients", "{BA08650A-9843-4138-83DA-0AB9180AA119}"
EndProject
Project("{2150E333-8FDC-42A3-9474-1A3956D46DE8}") = "Engine", "Engine", "{B8FEE8EA-92F0-4D1A-BCA5-382AD6478F45}"
EndProject
Project("{FAE04EC0-301F-11D3-BF4B-00C04F79EFBC}") = "DubBot", "Clients\DubBot\DubBot.csproj", "{18FBA5CA-00C5-4464-B29F-EF38A25D7BE9}"
EndProject
Project("{FAE04EC0-301F-11D3-BF4B-00C04F79EFBC}") = "NetBots.WebServer.Repository", "Server\NetBots.WebServer.Repository\NetBots.WebServer.Repository.csproj", "{15A37FB4-F50C-4924-B6C2-0DE95B5ABF12}"
EndProject
Project("{FAE04EC0-301F-11D3-BF4B-00C04F79EFBC}") = "NetBots.WebServer.Data.File", "Server\NetBots.WebServer.Data.File\NetBots.WebServer.Data.File.csproj", "{CC14806D-A223-4BA6-BA55-3DDE0F3A612B}"
EndProject
Project("{FAE04EC0-301F-11D3-BF4B-00C04F79EFBC}") = "NetBots.Web", "Engine\NetBots.Web\NetBots.Web.csproj", "{96ADD411-CEDB-4089-8E9A-02257175D90F}"
EndProject
Project("{FAE04EC0-301F-11D3-BF4B-00C04F79EFBC}") = "NetBots.WebServer.Host", "Server\NetBots.WebServer.Host\NetBots.WebServer.Host.csproj", "{F99950B9-00DA-4C9E-9884-3E5BC5CD184F}"
EndProject
Project("{FAE04EC0-301F-11D3-BF4B-00C04F79EFBC}") = "NetBots.WebServer.Data.MsSql", "Server\NetBotsWebServer.Data.MsSql\NetBots.WebServer.Data.MsSql.csproj", "{533E848F-1DDD-4E33-A268-963E48018425}"
EndProject
Project("{FAE04EC0-301F-11D3-BF4B-00C04F79EFBC}") = "NetBots.WebServer.Model", "Server\NetBots.WebServer.Model\NetBots.WebServer.Model.csproj", "{88F05E4E-7146-44B9-BA3D-2ED19EFD9411}"
EndProject
Project("{2150E333-8FDC-42A3-9474-1A3956D46DE8}") = "Tests", "Tests", "{95BFAC3E-039F-4767-8BB3-AF7D5592FD7C}"
EndProject
Project("{FAE04EC0-301F-11D3-BF4B-00C04F79EFBC}") = "NetBots.Tests", "NetBots.Tests\NetBots.Tests.csproj", "{750EC65E-FD0F-4924-AA95-283B4103C501}"
EndProject
Global
	GlobalSection(SolutionConfigurationPlatforms) = preSolution
		Debug|Any CPU = Debug|Any CPU
		Release|Any CPU = Release|Any CPU
	EndGlobalSection
	GlobalSection(ProjectConfigurationPlatforms) = postSolution
		{9DACEE92-6D23-48E2-B409-AA81EE343D96}.Debug|Any CPU.ActiveCfg = Debug|Any CPU
		{9DACEE92-6D23-48E2-B409-AA81EE343D96}.Debug|Any CPU.Build.0 = Debug|Any CPU
		{9DACEE92-6D23-48E2-B409-AA81EE343D96}.Release|Any CPU.ActiveCfg = Release|Any CPU
		{9DACEE92-6D23-48E2-B409-AA81EE343D96}.Release|Any CPU.Build.0 = Release|Any CPU
		{D00242D7-0A4B-4789-8591-CBF0A1FF9FE6}.Debug|Any CPU.ActiveCfg = Debug|Any CPU
		{D00242D7-0A4B-4789-8591-CBF0A1FF9FE6}.Debug|Any CPU.Build.0 = Debug|Any CPU
		{D00242D7-0A4B-4789-8591-CBF0A1FF9FE6}.Release|Any CPU.ActiveCfg = Release|Any CPU
		{D00242D7-0A4B-4789-8591-CBF0A1FF9FE6}.Release|Any CPU.Build.0 = Release|Any CPU
		{272AA56C-0448-41FB-B2D5-BF7A229988CB}.Debug|Any CPU.ActiveCfg = Debug|Any CPU
		{272AA56C-0448-41FB-B2D5-BF7A229988CB}.Debug|Any CPU.Build.0 = Debug|Any CPU
		{272AA56C-0448-41FB-B2D5-BF7A229988CB}.Release|Any CPU.ActiveCfg = Release|Any CPU
		{272AA56C-0448-41FB-B2D5-BF7A229988CB}.Release|Any CPU.Build.0 = Release|Any CPU
		{1522E445-FFD4-43D3-81C7-B3C672199666}.Debug|Any CPU.ActiveCfg = Debug|Any CPU
		{1522E445-FFD4-43D3-81C7-B3C672199666}.Debug|Any CPU.Build.0 = Debug|Any CPU
		{1522E445-FFD4-43D3-81C7-B3C672199666}.Release|Any CPU.ActiveCfg = Release|Any CPU
		{1522E445-FFD4-43D3-81C7-B3C672199666}.Release|Any CPU.Build.0 = Release|Any CPU
		{D9526B9D-C0F6-408C-934C-B7E99112101F}.Debug|Any CPU.ActiveCfg = Debug|Any CPU
		{D9526B9D-C0F6-408C-934C-B7E99112101F}.Debug|Any CPU.Build.0 = Debug|Any CPU
		{D9526B9D-C0F6-408C-934C-B7E99112101F}.Release|Any CPU.ActiveCfg = Release|Any CPU
		{D9526B9D-C0F6-408C-934C-B7E99112101F}.Release|Any CPU.Build.0 = Release|Any CPU
		{18FBA5CA-00C5-4464-B29F-EF38A25D7BE9}.Debug|Any CPU.ActiveCfg = Debug|Any CPU
		{18FBA5CA-00C5-4464-B29F-EF38A25D7BE9}.Debug|Any CPU.Build.0 = Debug|Any CPU
		{18FBA5CA-00C5-4464-B29F-EF38A25D7BE9}.Release|Any CPU.ActiveCfg = Release|Any CPU
		{18FBA5CA-00C5-4464-B29F-EF38A25D7BE9}.Release|Any CPU.Build.0 = Release|Any CPU
		{15A37FB4-F50C-4924-B6C2-0DE95B5ABF12}.Debug|Any CPU.ActiveCfg = Debug|Any CPU
		{15A37FB4-F50C-4924-B6C2-0DE95B5ABF12}.Debug|Any CPU.Build.0 = Debug|Any CPU
		{15A37FB4-F50C-4924-B6C2-0DE95B5ABF12}.Release|Any CPU.ActiveCfg = Release|Any CPU
		{15A37FB4-F50C-4924-B6C2-0DE95B5ABF12}.Release|Any CPU.Build.0 = Release|Any CPU
		{CC14806D-A223-4BA6-BA55-3DDE0F3A612B}.Debug|Any CPU.ActiveCfg = Debug|Any CPU
		{CC14806D-A223-4BA6-BA55-3DDE0F3A612B}.Debug|Any CPU.Build.0 = Debug|Any CPU
		{CC14806D-A223-4BA6-BA55-3DDE0F3A612B}.Release|Any CPU.ActiveCfg = Release|Any CPU
		{CC14806D-A223-4BA6-BA55-3DDE0F3A612B}.Release|Any CPU.Build.0 = Release|Any CPU
		{96ADD411-CEDB-4089-8E9A-02257175D90F}.Debug|Any CPU.ActiveCfg = Debug|Any CPU
		{96ADD411-CEDB-4089-8E9A-02257175D90F}.Debug|Any CPU.Build.0 = Debug|Any CPU
		{96ADD411-CEDB-4089-8E9A-02257175D90F}.Release|Any CPU.ActiveCfg = Release|Any CPU
		{96ADD411-CEDB-4089-8E9A-02257175D90F}.Release|Any CPU.Build.0 = Release|Any CPU
		{F99950B9-00DA-4C9E-9884-3E5BC5CD184F}.Debug|Any CPU.ActiveCfg = Debug|Any CPU
		{F99950B9-00DA-4C9E-9884-3E5BC5CD184F}.Debug|Any CPU.Build.0 = Debug|Any CPU
		{F99950B9-00DA-4C9E-9884-3E5BC5CD184F}.Release|Any CPU.ActiveCfg = Release|Any CPU
		{F99950B9-00DA-4C9E-9884-3E5BC5CD184F}.Release|Any CPU.Build.0 = Release|Any CPU
		{533E848F-1DDD-4E33-A268-963E48018425}.Debug|Any CPU.ActiveCfg = Debug|Any CPU
		{533E848F-1DDD-4E33-A268-963E48018425}.Debug|Any CPU.Build.0 = Debug|Any CPU
		{533E848F-1DDD-4E33-A268-963E48018425}.Release|Any CPU.ActiveCfg = Release|Any CPU
		{533E848F-1DDD-4E33-A268-963E48018425}.Release|Any CPU.Build.0 = Release|Any CPU
		{88F05E4E-7146-44B9-BA3D-2ED19EFD9411}.Debug|Any CPU.ActiveCfg = Debug|Any CPU
		{88F05E4E-7146-44B9-BA3D-2ED19EFD9411}.Debug|Any CPU.Build.0 = Debug|Any CPU
		{88F05E4E-7146-44B9-BA3D-2ED19EFD9411}.Release|Any CPU.ActiveCfg = Release|Any CPU
		{88F05E4E-7146-44B9-BA3D-2ED19EFD9411}.Release|Any CPU.Build.0 = Release|Any CPU
		{750EC65E-FD0F-4924-AA95-283B4103C501}.Debug|Any CPU.ActiveCfg = Debug|Any CPU
		{750EC65E-FD0F-4924-AA95-283B4103C501}.Debug|Any CPU.Build.0 = Debug|Any CPU
		{750EC65E-FD0F-4924-AA95-283B4103C501}.Release|Any CPU.ActiveCfg = Release|Any CPU
		{750EC65E-FD0F-4924-AA95-283B4103C501}.Release|Any CPU.Build.0 = Release|Any CPU
	EndGlobalSection
	GlobalSection(SolutionProperties) = preSolution
		HideSolutionNode = FALSE
	EndGlobalSection
	GlobalSection(NestedProjects) = preSolution
		{9DACEE92-6D23-48E2-B409-AA81EE343D96} = {BA08650A-9843-4138-83DA-0AB9180AA119}
		{D00242D7-0A4B-4789-8591-CBF0A1FF9FE6} = {B8FEE8EA-92F0-4D1A-BCA5-382AD6478F45}
		{272AA56C-0448-41FB-B2D5-BF7A229988CB} = {BA08650A-9843-4138-83DA-0AB9180AA119}
		{1522E445-FFD4-43D3-81C7-B3C672199666} = {B8FEE8EA-92F0-4D1A-BCA5-382AD6478F45}
		{D9526B9D-C0F6-408C-934C-B7E99112101F} = {BA08650A-9843-4138-83DA-0AB9180AA119}
		{18FBA5CA-00C5-4464-B29F-EF38A25D7BE9} = {BA08650A-9843-4138-83DA-0AB9180AA119}
		{15A37FB4-F50C-4924-B6C2-0DE95B5ABF12} = {0BAC5D52-4DF8-42F2-ADD8-2124C840F14D}
		{CC14806D-A223-4BA6-BA55-3DDE0F3A612B} = {0BAC5D52-4DF8-42F2-ADD8-2124C840F14D}
		{96ADD411-CEDB-4089-8E9A-02257175D90F} = {B8FEE8EA-92F0-4D1A-BCA5-382AD6478F45}
		{F99950B9-00DA-4C9E-9884-3E5BC5CD184F} = {0BAC5D52-4DF8-42F2-ADD8-2124C840F14D}
		{533E848F-1DDD-4E33-A268-963E48018425} = {0BAC5D52-4DF8-42F2-ADD8-2124C840F14D}
		{88F05E4E-7146-44B9-BA3D-2ED19EFD9411} = {0BAC5D52-4DF8-42F2-ADD8-2124C840F14D}
		{750EC65E-FD0F-4924-AA95-283B4103C501} = {95BFAC3E-039F-4767-8BB3-AF7D5592FD7C}
	EndGlobalSection
EndGlobal
